
Microsoft Visual Studio Solution File, Format Version 12.00
# Visual Studio Version 16
VisualStudioVersion = 16.0.28803.452
MinimumVisualStudioVersion = 10.0.40219.1
Project("{FAE04EC0-301F-11D3-BF4B-00C04F79EFBC}") = "UACPirate", "UACPirate\UACPirate.csproj", "{C1517F7A-2CEF-4DB4-A902-FB5C0A2C044E}"
EndProject
Global
	GlobalSection(SolutionConfigurationPlatforms) = preSolution
		Debug|Any CPU = Debug|Any CPU
		Release|Any CPU = Release|Any CPU
	EndGlobalSection
	GlobalSection(ProjectConfigurationPlatforms) = postSolution
		{C1517F7A-2CEF-4DB4-A902-FB5C0A2C044E}.Debug|Any CPU.ActiveCfg = Debug|Any CPU
		{C1517F7A-2CEF-4DB4-A902-FB5C0A2C044E}.Debug|Any CPU.Build.0 = Debug|Any CPU
		{C1517F7A-2CEF-4DB4-A902-FB5C0A2C044E}.Release|Any CPU.ActiveCfg = Release|Any CPU
		{C1517F7A-2CEF-4DB4-A902-FB5C0A2C044E}.Release|Any CPU.Build.0 = Release|Any CPU
	EndGlobalSection
	GlobalSection(SolutionProperties) = preSolution
		HideSolutionNode = FALSE
	EndGlobalSection
	GlobalSection(ExtensibilityGlobals) = postSolution
		SolutionGuid = {8A77996E-1D75-486D-9BF7-24DCD4F67E79}
	EndGlobalSection
EndGlobal
